{
  "nodes": {
    "darwin": {
      "inputs": {
        "nixpkgs": [
          "nixpkgs"
        ]
      },
      "locked": {
        "lastModified": 1696360011,
        "narHash": "sha256-HpPv27qMuPou4acXcZ8Klm7Zt0Elv9dgDvSJaomWb9Y=",
        "owner": "lnl7",
        "repo": "nix-darwin",
        "rev": "8b6ea26d5d2e8359d06278364f41fbc4b903b28a",
        "type": "github"
      },
      "original": {
        "owner": "lnl7",
        "repo": "nix-darwin",
        "type": "github"
      }
    },
    "home-manager": {
      "inputs": {
        "nixpkgs": [
          "nixpkgs"
        ]
      },
      "locked": {
        "lastModified": 1697531492,
        "narHash": "sha256-v813jggnyO+wLMKvbkeOruZCh6wubVZEdfxKqJS4bq8=",
        "owner": "nix-community",
        "repo": "home-manager",
        "rev": "7a46e6cb3ca02a478bdafc53c0ac89da6efc050c",
        "type": "github"
      },
      "original": {
        "owner": "nix-community",
        "ref": "master",
        "repo": "home-manager",
        "type": "github"
      }
    },
    "nixpkgs": {
      "locked": {
        "lastModified": 1697379843,
        "narHash": "sha256-RcnGuJgC2K/UpTy+d32piEoBXq2M+nVFzM3ah/ZdJzg=",
        "owner": "nixos",
        "repo": "nixpkgs",
        "rev": "12bdeb01ff9e2d3917e6a44037ed7df6e6c3df9d",
        "type": "github"
      },
      "original": {
        "owner": "nixos",
        "ref": "nixpkgs-unstable",
        "repo": "nixpkgs",
        "type": "github"
      }
    },
    "root": {
      "inputs": {
        "darwin": "darwin",
        "home-manager": "home-manager",
        "nixpkgs": "nixpkgs"
      }
    }
  },
  "root": "root",
  "version": 7
}
