{
  "nodes": {
    "darwin": {
      "inputs": {
        "nixpkgs": [
          "nixpkgs"
        ]
      },
      "locked": {
        "lastModified": 1710281379,
        "narHash": "sha256-uFo9hxt982L3nFJeweW4Gip2esiGrIQlbvEGrNTh4AY=",
        "owner": "lnl7",
        "repo": "nix-darwin",
        "rev": "d9ea313bc4851670dc99c5cc979cb79750e7d670",
        "type": "github"
      },
      "original": {
        "owner": "lnl7",
        "repo": "nix-darwin",
        "type": "github"
      }
    },
    "home-manager": {
      "inputs": {
        "nixpkgs": [
          "nixpkgs"
        ]
      },
      "locked": {
        "lastModified": 1710523133,
        "narHash": "sha256-foqwWJt6o+x3uzDMrxvNIetx0Gi5asnwlYSnOGbro8E=",
        "owner": "nix-community",
        "repo": "home-manager",
        "rev": "3ad5c12f3c9b36cb8185d3aef9adcab3f543660a",
        "type": "github"
      },
      "original": {
        "owner": "nix-community",
        "ref": "master",
        "repo": "home-manager",
        "type": "github"
      }
    },
    "nixpkgs": {
      "locked": {
        "lastModified": 1710503106,
        "narHash": "sha256-WQenjcuNH9cnEYqh/PFxpmjK9PQnEPGt1Z7TCfYBhXs=",
        "owner": "nixos",
        "repo": "nixpkgs",
        "rev": "b1d47989352fcb722a1f19295a9461ed1ef8435a",
        "type": "github"
      },
      "original": {
        "owner": "nixos",
        "ref": "nixpkgs-unstable",
        "repo": "nixpkgs",
        "type": "github"
      }
    },
    "root": {
      "inputs": {
        "darwin": "darwin",
        "home-manager": "home-manager",
        "nixpkgs": "nixpkgs"
      }
    }
  },
  "root": "root",
  "version": 7
}
